// !$*UTF8*$!
{
	archiveVersion = 1;
	classes = {
	};
	objectVersion = 46;
	objects = {

/* Begin PBXBuildFile section */
		6ADBDAE81BEA9C2000DCAF38 /* lattice.c in Sources */ = {isa = PBXBuildFile; fileRef = 6ADBDAE71BEA9C2000DCAF38 /* lattice.c */; };
/* End PBXBuildFile section */

/* Begin PBXCopyFilesBuildPhase section */
		6ADBDAD91BEA9B6A00DCAF38 /* CopyFiles */ = {
			isa = PBXCopyFilesBuildPhase;
			buildActionMask = 2147483647;
			dstPath = /usr/share/man/man1/;
			dstSubfolderSpec = 0;
			files = (
			);
			runOnlyForDeploymentPostprocessing = 1;
		};
/* End PBXCopyFilesBuildPhase section */

/* Begin PBXFileReference section */
		6ADBDADB1BEA9B6A00DCAF38 /* Agent_based_model */ = {isa = PBXFileReference; explicitFileType = "compiled.mach-o.executable"; includeInIndex = 0; path = Agent_based_model; sourceTree = BUILT_PRODUCTS_DIR; };
		6ADBDAE71BEA9C2000DCAF38 /* lattice.c */ = {isa = PBXFileReference; fileEncoding = 4; lastKnownFileType = sourcecode.c.c; path = lattice.c; sourceTree = "<group>"; };
/* End PBXFileReference section */

/* Begin PBXFrameworksBuildPhase section */
		6ADBDAD81BEA9B6A00DCAF38 /* Frameworks */ = {
			isa = PBXFrameworksBuildPhase;
			buildActionMask = 2147483647;
			files = (
			);
			runOnlyForDeploymentPostprocessing = 0;
		};
/* End PBXFrameworksBuildPhase section */

/* Begin PBXGroup section */
		6ADBDAD21BEA9B6A00DCAF38 = {
			isa = PBXGroup;
			children = (
				6ADBDADD1BEA9B6A00DCAF38 /* Agent_based_model */,
				6ADBDADC1BEA9B6A00DCAF38 /* Products */,
			);
			sourceTree = "<group>";
		};
		6ADBDADC1BEA9B6A00DCAF38 /* Products */ = {
			isa = PBXGroup;
			children = (
				6ADBDADB1BEA9B6A00DCAF38 /* Agent_based_model */,
			);
			name = Products;
			sourceTree = "<group>";
		};
		6ADBDADD1BEA9B6A00DCAF38 /* Agent_based_model */ = {
			isa = PBXGroup;
			children = (
				6ADBDAE71BEA9C2000DCAF38 /* lattice.c */,
			);
			path = Agent_based_model;
			sourceTree = "<group>";
		};
/* End PBXGroup section */

/* Begin PBXNativeTarget section */
		6ADBDADA1BEA9B6A00DCAF38 /* Agent_based_model */ = {
			isa = PBXNativeTarget;
			buildConfigurationList = 6ADBDAE21BEA9B6A00DCAF38 /* Build configuration list for PBXNativeTarget "Agent_based_model" */;
			buildPhases = (
				6ADBDAD71BEA9B6A00DCAF38 /* Sources */,
				6ADBDAD81BEA9B6A00DCAF38 /* Frameworks */,
				6ADBDAD91BEA9B6A00DCAF38 /* CopyFiles */,
			);
			buildRules = (
			);
			dependencies = (
			);
			name = Agent_based_model;
			productName = Agent_based_model;
			productReference = 6ADBDADB1BEA9B6A00DCAF38 /* Agent_based_model */;
			productType = "com.apple.product-type.tool";
		};
/* End PBXNativeTarget section */

/* Begin PBXProject section */
		6ADBDAD31BEA9B6A00DCAF38 /* Project object */ = {
			isa = PBXProject;
			attributes = {
				LastUpgradeCheck = 0640;
				ORGANIZATIONNAME = "Thomas Bury";
				TargetAttributes = {
					6ADBDADA1BEA9B6A00DCAF38 = {
						CreatedOnToolsVersion = 6.4;
					};
				};
			};
			buildConfigurationList = 6ADBDAD61BEA9B6A00DCAF38 /* Build configuration list for PBXProject "Agent_based_model" */;
			compatibilityVersion = "Xcode 3.2";
			developmentRegion = English;
			hasScannedForEncodings = 0;
			knownRegions = (
				en,
			);
			mainGroup = 6ADBDAD21BEA9B6A00DCAF38;
			productRefGroup = 6ADBDADC1BEA9B6A00DCAF38 /* Products */;
			projectDirPath = "";
			projectRoot = "";
			targets = (
				6ADBDADA1BEA9B6A00DCAF38 /* Agent_based_model */,
			);
		};
/* End PBXProject section */

/* Begin PBXSourcesBuildPhase section */
		6ADBDAD71BEA9B6A00DCAF38 /* Sources */ = {
			isa = PBXSourcesBuildPhase;
			buildActionMask = 2147483647;
			files = (
				6ADBDAE81BEA9C2000DCAF38 /* lattice.c in Sources */,
			);
			runOnlyForDeploymentPostprocessing = 0;
		};
/* End PBXSourcesBuildPhase section */

/* Begin XCBuildConfiguration section */
		6ADBDAE01BEA9B6A00DCAF38 /* Debug */ = {
			isa = XCBuildConfiguration;
			buildSettings = {
				ALWAYS_SEARCH_USER_PATHS = NO;
				CLANG_CXX_LANGUAGE_STANDARD = "gnu++0x";
				CLANG_CXX_LIBRARY = "libc++";
				CLANG_ENABLE_MODULES = YES;
				CLANG_ENABLE_OBJC_ARC = YES;
				CLANG_WARN_BOOL_CONVERSION = YES;
				CLANG_WARN_CONSTANT_CONVERSION = YES;
				CLANG_WARN_DIRECT_OBJC_ISA_USAGE = YES_ERROR;
				CLANG_WARN_EMPTY_BODY = YES;
				CLANG_WARN_ENUM_CONVERSION = YES;
				CLANG_WARN_INT_CONVERSION = YES;
				CLANG_WARN_OBJC_ROOT_CLASS = YES_ERROR;
				CLANG_WARN_UNREACHABLE_CODE = YES;
				CLANG_WARN__DUPLICATE_METHOD_MATCH = YES;
				COPY_PHASE_STRIP = NO;
				DEBUG_INFORMATION_FORMAT = dwarf;
				ENABLE_STRICT_OBJC_MSGSEND = YES;
				GCC_C_LANGUAGE_STANDARD = gnu99;
				GCC_DYNAMIC_NO_PIC = NO;
				GCC_NO_COMMON_BLOCKS = YES;
				GCC_OPTIMIZATION_LEVEL = 0;
				GCC_PREPROCESSOR_DEFINITIONS = (
					"DEBUG=1",
					"$(inherited)",
				);
				GCC_SYMBOLS_PRIVATE_EXTERN = NO;
				GCC_WARN_64_TO_32_BIT_CONVERSION = YES;
				GCC_WARN_ABOUT_RETURN_TYPE = YES_ERROR;
				GCC_WARN_UNDECLARED_SELECTOR = YES;
				GCC_WARN_UNINITIALIZED_AUTOS = YES_AGGRESSIVE;
				GCC_WARN_UNUSED_FUNCTION = YES;
				GCC_WARN_UNUSED_VARIABLE = YES;
				MACOSX_DEPLOYMENT_TARGET = 10.10;
				MTL_ENABLE_DEBUG_INFO = YES;
				ONLY_ACTIVE_ARCH = YES;
				SDKROOT = macosx;
			};
			name = Debug;
		};
		6ADBDAE11BEA9B6A00DCAF38 /* Release */ = {
			isa = XCBuildConfiguration;
			buildSettings = {
				ALWAYS_SEARCH_USER_PATHS = NO;
				CLANG_CXX_LANGUAGE_STANDARD = "gnu++0x";
				CLANG_CXX_LIBRARY = "libc++";
				CLANG_ENABLE_MODULES = YES;
				CLANG_ENABLE_OBJC_ARC = YES;
				CLANG_WARN_BOOL_CONVERSION = YES;
				CLANG_WARN_CONSTANT_CONVERSION = YES;
				CLANG_WARN_DIRECT_OBJC_ISA_USAGE = YES_ERROR;
				CLANG_WARN_EMPTY_BODY = YES;
				CLANG_WARN_ENUM_CONVERSION = YES;
				CLANG_WARN_INT_CONVERSION = YES;
				CLANG_WARN_OBJC_ROOT_CLASS = YES_ERROR;
				CLANG_WARN_UNREACHABLE_CODE = YES;
				CLANG_WARN__DUPLICATE_METHOD_MATCH = YES;
				COPY_PHASE_STRIP = NO;
				DEBUG_INFORMATION_FORMAT = "dwarf-with-dsym";
				ENABLE_NS_ASSERTIONS = NO;
				ENABLE_STRICT_OBJC_MSGSEND = YES;
				GCC_C_LANGUAGE_STANDARD = gnu99;
				GCC_NO_COMMON_BLOCKS = YES;
				GCC_WARN_64_TO_32_BIT_CONVERSION = YES;
				GCC_WARN_ABOUT_RETURN_TYPE = YES_ERROR;
				GCC_WARN_UNDECLARED_SELECTOR = YES;
				GCC_WARN_UNINITIALIZED_AUTOS = YES_AGGRESSIVE;
				GCC_WARN_UNUSED_FUNCTION = YES;
				GCC_WARN_UNUSED_VARIABLE = YES;
				MACOSX_DEPLOYMENT_TARGET = 10.10;
				MTL_ENABLE_DEBUG_INFO = NO;
				SDKROOT = macosx;
			};
			name = Release;
		};
		6ADBDAE31BEA9B6A00DCAF38 /* Debug */ = {
			isa = XCBuildConfiguration;
			buildSettings = {
				PRODUCT_NAME = "$(TARGET_NAME)";
			};
			name = Debug;
		};
		6ADBDAE41BEA9B6A00DCAF38 /* Release */ = {
			isa = XCBuildConfiguration;
			buildSettings = {
				PRODUCT_NAME = "$(TARGET_NAME)";
			};
			name = Release;
		};
/* End XCBuildConfiguration section */

/* Begin XCConfigurationList section */
		6ADBDAD61BEA9B6A00DCAF38 /* Build configuration list for PBXProject "Agent_based_model" */ = {
			isa = XCConfigurationList;
			buildConfigurations = (
				6ADBDAE01BEA9B6A00DCAF38 /* Debug */,
				6ADBDAE11BEA9B6A00DCAF38 /* Release */,
			);
			defaultConfigurationIsVisible = 0;
			defaultConfigurationName = Release;
		};
		6ADBDAE21BEA9B6A00DCAF38 /* Build configuration list for PBXNativeTarget "Agent_based_model" */ = {
			isa = XCConfigurationList;
			buildConfigurations = (
				6ADBDAE31BEA9B6A00DCAF38 /* Debug */,
				6ADBDAE41BEA9B6A00DCAF38 /* Release */,
			);
			defaultConfigurationIsVisible = 0;
			defaultConfigurationName = Release;
		};
/* End XCConfigurationList section */
	};
	rootObject = 6ADBDAD31BEA9B6A00DCAF38 /* Project object */;
}
